Microsoft Visual Studio Solution File, Format Version 12.00
# Visual Studio Version 17
VisualStudioVersion = 17.5.2.0
MinimumVisualStudioVersion = 10.0.40219.1
Project("{FAE04EC0-301F-11D3-BF4B-00C04F79EFBC}") = "Almostengr.FalconPiPlayer.ApiClient", "Almostengr.FalconPiPlayer.ApiClient.csproj", "{55B9961E-6529-D979-0C0D-FEA2951D825A}"
EndProject
Global
	GlobalSection(SolutionConfigurationPlatforms) = preSolution
		Debug|Any CPU = Debug|Any CPU
		Release|Any CPU = Release|Any CPU
	EndGlobalSection
	GlobalSection(ProjectConfigurationPlatforms) = postSolution
		{55B9961E-6529-D979-0C0D-FEA2951D825A}.Debug|Any CPU.ActiveCfg = Debug|Any CPU
		{55B9961E-6529-D979-0C0D-FEA2951D825A}.Debug|Any CPU.Build.0 = Debug|Any CPU
		{55B9961E-6529-D979-0C0D-FEA2951D825A}.Release|Any CPU.ActiveCfg = Release|Any CPU
		{55B9961E-6529-D979-0C0D-FEA2951D825A}.Release|Any CPU.Build.0 = Release|Any CPU
	EndGlobalSection
	GlobalSection(SolutionProperties) = preSolution
		HideSolutionNode = FALSE
	EndGlobalSection
	GlobalSection(ExtensibilityGlobals) = postSolution
		SolutionGuid = {423DC367-757B-4EA4-A1F0-426B9915CF76}
	EndGlobalSection
EndGlobal
